{
  "name": "clustering",
  "version": "1.0.0",
  "lockfileVersion": 3,
  "requires": true,
  "packages": {
    "": {
      "name": "clustering",
      "version": "1.0.0",
      "license": "ISC",
      "dependencies": {
        "cpeak": "^1.4.0"
      },
      "devDependencies": {
        "@types/node": "^22.7.5"
      }
    },
    "node_modules/@types/node": {
      "version": "22.7.5",
      "resolved": "https://registry.npmjs.org/@types/node/-/node-22.7.5.tgz",
      "integrity": "sha512-jML7s2NAzMWc//QSJ1a3prpk78cOPchGvXJsC3C6R6PSMoooztvRVQEz89gmBTBY1SPMaqo5teB4uNHPdetShQ==",
      "dev": true,
      "license": "MIT",
      "dependencies": {
        "undici-types": "~6.19.2"
      }
    },
    "node_modules/cpeak": {
      "version": "1.4.0",
      "resolved": "https://registry.npmjs.org/cpeak/-/cpeak-1.4.0.tgz",
      "integrity": "sha512-jdFX9ugqPxXDCf9ruGMVuA/ojswZA1qaJPoqNVifoUETA5RLJuiWqs4vLG8gCGVRzp8Seb8SAbW9BY7jjYS+RA==",
      "license": "ISC"
    },
    "node_modules/undici-types": {
      "version": "6.19.8",
      "resolved": "https://registry.npmjs.org/undici-types/-/undici-types-6.19.8.tgz",
      "integrity": "sha512-ve2KP6f/JnbPBFyobGHuerC9g1FYGn/F8n1LWTwNxCEzd6IfqTwUQcNXgEtmmQ6DlRrC1hrSrBnCZPokRrDHjw==",
      "dev": true,
      "license": "MIT"
    }
  }
}
